PODS:
  - lottie-ios (1.0.0)
  - lottie-react-native (1.0.1):
    - lottie-ios
    - React
  - React (0.41.1):
    - React/Core (= 0.41.1)
  - React/Core (0.41.1):
    - React/cxxreact
    - React/yoga
  - React/cxxreact (0.41.1):
    - React/jschelpers
  - React/jschelpers (0.41.1)
  - React/RCTAnimation (0.41.1):
    - React/Core
  - React/RCTImage (0.41.1):
    - React/Core
    - React/RCTNetwork
  - React/RCTNetwork (0.41.1):
    - React/Core
  - React/RCTText (0.41.1):
    - React/Core
  - React/RCTWebSocket (0.41.1):
    - React/Core
  - React/yoga (0.41.1)
  - RNVectorIcons (4.0.0):
    - React

DEPENDENCIES:
  - lottie-react-native (from `../node_modules/lottie-react-native`)
  - React/Core (from `../node_modules/react-native`)
  - React/RCTAnimation (from `../node_modules/react-native`)
  - React/RCTImage (from `../node_modules/react-native`)
  - React/RCTNetwork (from `../node_modules/react-native`)
  - React/RCTText (from `../node_modules/react-native`)
  - React/RCTWebSocket (from `../node_modules/react-native`)
  - RNVectorIcons (from `../node_modules/react-native-vector-icons`)

EXTERNAL SOURCES:
  lottie-react-native:
    :path: "../node_modules/lottie-react-native"
  React:
    :path: "../node_modules/react-native"
  RNVectorIcons:
    :path: "../node_modules/react-native-vector-icons"

SPEC CHECKSUMS:
  lottie-ios: c40d67c1481d6fb9fa24fe46731ac823f5f6675b
  lottie-react-native: 651290cb9dbfb7eebafa0a0f3ab2b399f177e354
  React: 92b73e1de23f052ab049247554427634986b40d1
  RNVectorIcons: d7e2c5eef986d1f594dfd2947df6d6e8093ad1e0

PODFILE CHECKSUM: d861e2338d0edad88aedac253f12243f6e6bdfc7

COCOAPODS: 1.2.0
